
Microsoft Visual Studio Solution File, Format Version 12.00
# Visual Studio Version 17
VisualStudioVersion = 17.7.34221.43
MinimumVisualStudioVersion = 10.0.40219.1
Project("{FAE04EC0-301F-11D3-BF4B-00C04F79EFBC}") = "Listas Udemy 10 12", "Listas Udemy 10 12.csproj", "{212F8D88-5C1C-4F4A-8274-F336A28A169D}"
EndProject
Global
	GlobalSection(SolutionConfigurationPlatforms) = preSolution
		Debug|Any CPU = Debug|Any CPU
		Release|Any CPU = Release|Any CPU
	EndGlobalSection
	GlobalSection(ProjectConfigurationPlatforms) = postSolution
		{212F8D88-5C1C-4F4A-8274-F336A28A169D}.Debug|Any CPU.ActiveCfg = Debug|Any CPU
		{212F8D88-5C1C-4F4A-8274-F336A28A169D}.Debug|Any CPU.Build.0 = Debug|Any CPU
		{212F8D88-5C1C-4F4A-8274-F336A28A169D}.Release|Any CPU.ActiveCfg = Release|Any CPU
		{212F8D88-5C1C-4F4A-8274-F336A28A169D}.Release|Any CPU.Build.0 = Release|Any CPU
	EndGlobalSection
	GlobalSection(SolutionProperties) = preSolution
		HideSolutionNode = FALSE
	EndGlobalSection
	GlobalSection(ExtensibilityGlobals) = postSolution
		SolutionGuid = {508F8281-E51E-4542-8909-BA6F5781BC23}
	EndGlobalSection
EndGlobal
